PODS:
  - Charts (3.5.0):
    - Charts/Core (= 3.5.0)
  - Charts/Core (3.5.0)
  - NVActivityIndicatorView (5.0.1):
    - NVActivityIndicatorView/Base (= 5.0.1)
  - NVActivityIndicatorView/Base (5.0.1)
  - SwiftyJSON (5.0.0)
  - XLPagerTabStrip (9.0.0)

DEPENDENCIES:
  - Charts
  - NVActivityIndicatorView
  - SwiftyJSON
  - XLPagerTabStrip

SPEC REPOS:
  https://github.com/CocoaPods/Specs.git:
    - Charts
    - NVActivityIndicatorView
    - SwiftyJSON
    - XLPagerTabStrip

SPEC CHECKSUMS:
  Charts: 40a08591df1f8ad5c223ddedfb1a06da92f24f7c
  NVActivityIndicatorView: 738e843cb8924e9e4fc3e559d0728031624bf860
  SwiftyJSON: 36413e04c44ee145039d332b4f4e2d3e8d6c4db7
  XLPagerTabStrip: 61c57fd61f611ee5f01ff1495ad6fbee8bf496c5

PODFILE CHECKSUM: 5848492c67b6a7e1051c2ade315ed98d5659095f

COCOAPODS: 1.8.4
